{
  "packages": {
    "oyui-tasker": {
      "version": "0.1.0",
      "lastStableVersion": "0.1.0"
    },
    "oyui-rune-actions": {
      "version": "0.1.0",
      "lastStableVersion": "0.1.0"
    },
    "oyui-syndiff": {
      "version": "0.0.7",
      "lastStableVersion": "0.0.7"
    },
    "oyui": {
      "version": "0.2.0",
      "lastStableVersion": "0.2.0"
    },
    "oyui-tasker-derive": {
      "version": "0.1.0",
      "lastStableVersion": "0.1.0"
    },
    "oyui-rune-actions-derive": {
      "version": "0.1.0",
      "lastStableVersion": "0.1.0"
    }
  }
}
